
Microsoft Visual Studio Solution File, Format Version 12.00
# Visual Studio Version 16
VisualStudioVersion = 16.0.29820.132
MinimumVisualStudioVersion = 10.0.40219.1
Project("{FAE04EC0-301F-11D3-BF4B-00C04F79EFBC}") = "ForgeOfBots", "ForgeOfBots\ForgeOfBots.csproj", "{618FDA34-6034-4329-B910-F6295DC9526F}"
EndProject
Project("{2150E333-8FDC-42A3-9474-1A3956D46DE8}") = "Solution Items", "Solution Items", "{824BEE3A-55A4-4CAA-B223-E1F42388A657}"
	ProjectSection(SolutionItems) = preProject
		.editorconfig = .editorconfig
		README.md = README.md
	EndProjectSection
EndProject
Project("{FAE04EC0-301F-11D3-BF4B-00C04F79EFBC}") = "SerialKeyGenerator", "..\ForgeOfBots_Private\SerialKeyGenerator\SerialKeyGenerator.csproj", "{AD01C9E1-527F-4FBF-90BE-BE071289E1A0}"
EndProject
Project("{FAE04EC0-301F-11D3-BF4B-00C04F79EFBC}") = "UCPremiumLibrary", "UCPremiumLibrary\UCPremiumLibrary.csproj", "{8434BA2D-B0E4-44C7-929D-F619C08E9272}"
EndProject
Project("{FAE04EC0-301F-11D3-BF4B-00C04F79EFBC}") = "FoBPremiumNET", "..\ForgeOfBots_Private\FoBPremiumNet\FoBPremiumNET.csproj", "{D8D032C4-D029-4CBF-B9CD-18A1A200DEF5}"
EndProject
Project("{FAE04EC0-301F-11D3-BF4B-00C04F79EFBC}") = "FoBServerNET", "..\ForgeOfBots_Private\FoBServerNET\FoBServerNET.csproj", "{E3145EA6-73A7-43B9-8915-FB9119E190D0}"
EndProject
Global
	GlobalSection(SolutionConfigurationPlatforms) = preSolution
		ClientDebug|Any CPU = ClientDebug|Any CPU
		ClientDebug|x64 = ClientDebug|x64
		ClientDebug|x86 = ClientDebug|x86
		ClientRelease|Any CPU = ClientRelease|Any CPU
		ClientRelease|x64 = ClientRelease|x64
		ClientRelease|x86 = ClientRelease|x86
		Debug|Any CPU = Debug|Any CPU
		Debug|x64 = Debug|x64
		Debug|x86 = Debug|x86
		DEBUGFORM|Any CPU = DEBUGFORM|Any CPU
		DEBUGFORM|x64 = DEBUGFORM|x64
		DEBUGFORM|x86 = DEBUGFORM|x86
		DebugServer|Any CPU = DebugServer|Any CPU
		DebugServer|x64 = DebugServer|x64
		DebugServer|x86 = DebugServer|x86
		Release|Any CPU = Release|Any CPU
		Release|x64 = Release|x64
		Release|x86 = Release|x86
	EndGlobalSection
	GlobalSection(ProjectConfigurationPlatforms) = postSolution
		{618FDA34-6034-4329-B910-F6295DC9526F}.ClientDebug|Any CPU.ActiveCfg = ClientDebug|Any CPU
		{618FDA34-6034-4329-B910-F6295DC9526F}.ClientDebug|Any CPU.Build.0 = ClientDebug|Any CPU
		{618FDA34-6034-4329-B910-F6295DC9526F}.ClientDebug|x64.ActiveCfg = ClientDebug|x64
		{618FDA34-6034-4329-B910-F6295DC9526F}.ClientDebug|x64.Build.0 = ClientDebug|x64
		{618FDA34-6034-4329-B910-F6295DC9526F}.ClientDebug|x86.ActiveCfg = ClientDebug|Any CPU
		{618FDA34-6034-4329-B910-F6295DC9526F}.ClientDebug|x86.Build.0 = ClientDebug|Any CPU
		{618FDA34-6034-4329-B910-F6295DC9526F}.ClientRelease|Any CPU.ActiveCfg = ClientRelease|Any CPU
		{618FDA34-6034-4329-B910-F6295DC9526F}.ClientRelease|Any CPU.Build.0 = ClientRelease|Any CPU
		{618FDA34-6034-4329-B910-F6295DC9526F}.ClientRelease|x64.ActiveCfg = ClientRelease|x64
		{618FDA34-6034-4329-B910-F6295DC9526F}.ClientRelease|x64.Build.0 = ClientRelease|x64
		{618FDA34-6034-4329-B910-F6295DC9526F}.ClientRelease|x86.ActiveCfg = ClientRelease|Any CPU
		{618FDA34-6034-4329-B910-F6295DC9526F}.ClientRelease|x86.Build.0 = ClientRelease|Any CPU
		{618FDA34-6034-4329-B910-F6295DC9526F}.Debug|Any CPU.ActiveCfg = Debug|Any CPU
		{618FDA34-6034-4329-B910-F6295DC9526F}.Debug|Any CPU.Build.0 = Debug|Any CPU
		{618FDA34-6034-4329-B910-F6295DC9526F}.Debug|x64.ActiveCfg = Debug|x64
		{618FDA34-6034-4329-B910-F6295DC9526F}.Debug|x64.Build.0 = Debug|x64
		{618FDA34-6034-4329-B910-F6295DC9526F}.Debug|x86.ActiveCfg = Debug|Any CPU
		{618FDA34-6034-4329-B910-F6295DC9526F}.Debug|x86.Build.0 = Debug|Any CPU
		{618FDA34-6034-4329-B910-F6295DC9526F}.DEBUGFORM|Any CPU.ActiveCfg = DEBUGFORM|Any CPU
		{618FDA34-6034-4329-B910-F6295DC9526F}.DEBUGFORM|Any CPU.Build.0 = DEBUGFORM|Any CPU
		{618FDA34-6034-4329-B910-F6295DC9526F}.DEBUGFORM|x64.ActiveCfg = DEBUGFORM|x64
		{618FDA34-6034-4329-B910-F6295DC9526F}.DEBUGFORM|x64.Build.0 = DEBUGFORM|x64
		{618FDA34-6034-4329-B910-F6295DC9526F}.DEBUGFORM|x86.ActiveCfg = DEBUGFORM|Any CPU
		{618FDA34-6034-4329-B910-F6295DC9526F}.DEBUGFORM|x86.Build.0 = DEBUGFORM|Any CPU
		{618FDA34-6034-4329-B910-F6295DC9526F}.DebugServer|Any CPU.ActiveCfg = DebugServer|Any CPU
		{618FDA34-6034-4329-B910-F6295DC9526F}.DebugServer|Any CPU.Build.0 = DebugServer|Any CPU
		{618FDA34-6034-4329-B910-F6295DC9526F}.DebugServer|x64.ActiveCfg = DebugServer|x64
		{618FDA34-6034-4329-B910-F6295DC9526F}.DebugServer|x86.ActiveCfg = DebugServer|Any CPU
		{618FDA34-6034-4329-B910-F6295DC9526F}.DebugServer|x86.Build.0 = DebugServer|Any CPU
		{618FDA34-6034-4329-B910-F6295DC9526F}.Release|Any CPU.ActiveCfg = Release|Any CPU
		{618FDA34-6034-4329-B910-F6295DC9526F}.Release|Any CPU.Build.0 = Release|Any CPU
		{618FDA34-6034-4329-B910-F6295DC9526F}.Release|x64.ActiveCfg = Release|x64
		{618FDA34-6034-4329-B910-F6295DC9526F}.Release|x64.Build.0 = Release|x64
		{618FDA34-6034-4329-B910-F6295DC9526F}.Release|x86.ActiveCfg = Release|Any CPU
		{618FDA34-6034-4329-B910-F6295DC9526F}.Release|x86.Build.0 = Release|Any CPU
		{AD01C9E1-527F-4FBF-90BE-BE071289E1A0}.ClientDebug|Any CPU.ActiveCfg = ClientDebug|Any CPU
		{AD01C9E1-527F-4FBF-90BE-BE071289E1A0}.ClientDebug|x64.ActiveCfg = ClientDebug|Any CPU
		{AD01C9E1-527F-4FBF-90BE-BE071289E1A0}.ClientDebug|x86.ActiveCfg = ClientDebug|Any CPU
		{AD01C9E1-527F-4FBF-90BE-BE071289E1A0}.ClientDebug|x86.Build.0 = ClientDebug|Any CPU
		{AD01C9E1-527F-4FBF-90BE-BE071289E1A0}.ClientRelease|Any CPU.ActiveCfg = ClientRelease|Any CPU
		{AD01C9E1-527F-4FBF-90BE-BE071289E1A0}.ClientRelease|Any CPU.Build.0 = ClientRelease|Any CPU
		{AD01C9E1-527F-4FBF-90BE-BE071289E1A0}.ClientRelease|x64.ActiveCfg = ClientRelease|Any CPU
		{AD01C9E1-527F-4FBF-90BE-BE071289E1A0}.ClientRelease|x86.ActiveCfg = ClientRelease|Any CPU
		{AD01C9E1-527F-4FBF-90BE-BE071289E1A0}.ClientRelease|x86.Build.0 = ClientRelease|Any CPU
		{AD01C9E1-527F-4FBF-90BE-BE071289E1A0}.Debug|Any CPU.ActiveCfg = Debug|Any CPU
		{AD01C9E1-527F-4FBF-90BE-BE071289E1A0}.Debug|Any CPU.Build.0 = Debug|Any CPU
		{AD01C9E1-527F-4FBF-90BE-BE071289E1A0}.Debug|x64.ActiveCfg = Debug|Any CPU
		{AD01C9E1-527F-4FBF-90BE-BE071289E1A0}.Debug|x86.ActiveCfg = Debug|Any CPU
		{AD01C9E1-527F-4FBF-90BE-BE071289E1A0}.Debug|x86.Build.0 = Debug|Any CPU
		{AD01C9E1-527F-4FBF-90BE-BE071289E1A0}.DEBUGFORM|Any CPU.ActiveCfg = DEBUGFORM|Any CPU
		{AD01C9E1-527F-4FBF-90BE-BE071289E1A0}.DEBUGFORM|x64.ActiveCfg = DEBUGFORM|Any CPU
		{AD01C9E1-527F-4FBF-90BE-BE071289E1A0}.DEBUGFORM|x86.ActiveCfg = DEBUGFORM|Any CPU
		{AD01C9E1-527F-4FBF-90BE-BE071289E1A0}.DEBUGFORM|x86.Build.0 = DEBUGFORM|Any CPU
		{AD01C9E1-527F-4FBF-90BE-BE071289E1A0}.DebugServer|Any CPU.ActiveCfg = DebugServer|Any CPU
		{AD01C9E1-527F-4FBF-90BE-BE071289E1A0}.DebugServer|x64.ActiveCfg = DebugServer|Any CPU
		{AD01C9E1-527F-4FBF-90BE-BE071289E1A0}.DebugServer|x86.ActiveCfg = DebugServer|Any CPU
		{AD01C9E1-527F-4FBF-90BE-BE071289E1A0}.DebugServer|x86.Build.0 = DebugServer|Any CPU
		{AD01C9E1-527F-4FBF-90BE-BE071289E1A0}.Release|Any CPU.ActiveCfg = Release|Any CPU
		{AD01C9E1-527F-4FBF-90BE-BE071289E1A0}.Release|Any CPU.Build.0 = Release|Any CPU
		{AD01C9E1-527F-4FBF-90BE-BE071289E1A0}.Release|x64.ActiveCfg = Release|Any CPU
		{AD01C9E1-527F-4FBF-90BE-BE071289E1A0}.Release|x64.Build.0 = Release|Any CPU
		{AD01C9E1-527F-4FBF-90BE-BE071289E1A0}.Release|x86.ActiveCfg = Release|Any CPU
		{AD01C9E1-527F-4FBF-90BE-BE071289E1A0}.Release|x86.Build.0 = Release|Any CPU
		{8434BA2D-B0E4-44C7-929D-F619C08E9272}.ClientDebug|Any CPU.ActiveCfg = ClientDebug|Any CPU
		{8434BA2D-B0E4-44C7-929D-F619C08E9272}.ClientDebug|Any CPU.Build.0 = ClientDebug|Any CPU
		{8434BA2D-B0E4-44C7-929D-F619C08E9272}.ClientDebug|x64.ActiveCfg = ClientDebug|Any CPU
		{8434BA2D-B0E4-44C7-929D-F619C08E9272}.ClientDebug|x64.Build.0 = ClientDebug|Any CPU
		{8434BA2D-B0E4-44C7-929D-F619C08E9272}.ClientDebug|x86.ActiveCfg = ClientDebug|Any CPU
		{8434BA2D-B0E4-44C7-929D-F619C08E9272}.ClientDebug|x86.Build.0 = ClientDebug|Any CPU
		{8434BA2D-B0E4-44C7-929D-F619C08E9272}.ClientRelease|Any CPU.ActiveCfg = ClientRelease|Any CPU
		{8434BA2D-B0E4-44C7-929D-F619C08E9272}.ClientRelease|Any CPU.Build.0 = ClientRelease|Any CPU
		{8434BA2D-B0E4-44C7-929D-F619C08E9272}.ClientRelease|x64.ActiveCfg = ClientRelease|Any CPU
		{8434BA2D-B0E4-44C7-929D-F619C08E9272}.ClientRelease|x64.Build.0 = ClientRelease|Any CPU
		{8434BA2D-B0E4-44C7-929D-F619C08E9272}.ClientRelease|x86.ActiveCfg = ClientRelease|Any CPU
		{8434BA2D-B0E4-44C7-929D-F619C08E9272}.ClientRelease|x86.Build.0 = ClientRelease|Any CPU
		{8434BA2D-B0E4-44C7-929D-F619C08E9272}.Debug|Any CPU.ActiveCfg = Debug|Any CPU
		{8434BA2D-B0E4-44C7-929D-F619C08E9272}.Debug|Any CPU.Build.0 = Debug|Any CPU
		{8434BA2D-B0E4-44C7-929D-F619C08E9272}.Debug|x64.ActiveCfg = Debug|Any CPU
		{8434BA2D-B0E4-44C7-929D-F619C08E9272}.Debug|x64.Build.0 = Debug|Any CPU
		{8434BA2D-B0E4-44C7-929D-F619C08E9272}.Debug|x86.ActiveCfg = Debug|Any CPU
		{8434BA2D-B0E4-44C7-929D-F619C08E9272}.Debug|x86.Build.0 = Debug|Any CPU
		{8434BA2D-B0E4-44C7-929D-F619C08E9272}.DEBUGFORM|Any CPU.ActiveCfg = DEBUGFORM|Any CPU
		{8434BA2D-B0E4-44C7-929D-F619C08E9272}.DEBUGFORM|x64.ActiveCfg = DEBUGFORM|Any CPU
		{8434BA2D-B0E4-44C7-929D-F619C08E9272}.DEBUGFORM|x64.Build.0 = DEBUGFORM|Any CPU
		{8434BA2D-B0E4-44C7-929D-F619C08E9272}.DEBUGFORM|x86.ActiveCfg = DEBUGFORM|Any CPU
		{8434BA2D-B0E4-44C7-929D-F619C08E9272}.DEBUGFORM|x86.Build.0 = DEBUGFORM|Any CPU
		{8434BA2D-B0E4-44C7-929D-F619C08E9272}.DebugServer|Any CPU.ActiveCfg = DebugServer|Any CPU
		{8434BA2D-B0E4-44C7-929D-F619C08E9272}.DebugServer|Any CPU.Build.0 = DebugServer|Any CPU
		{8434BA2D-B0E4-44C7-929D-F619C08E9272}.DebugServer|x64.ActiveCfg = DebugServer|Any CPU
		{8434BA2D-B0E4-44C7-929D-F619C08E9272}.DebugServer|x64.Build.0 = DebugServer|Any CPU
		{8434BA2D-B0E4-44C7-929D-F619C08E9272}.DebugServer|x86.ActiveCfg = DebugServer|Any CPU
		{8434BA2D-B0E4-44C7-929D-F619C08E9272}.DebugServer|x86.Build.0 = DebugServer|Any CPU
		{8434BA2D-B0E4-44C7-929D-F619C08E9272}.Release|Any CPU.ActiveCfg = Release|Any CPU
		{8434BA2D-B0E4-44C7-929D-F619C08E9272}.Release|Any CPU.Build.0 = Release|Any CPU
		{8434BA2D-B0E4-44C7-929D-F619C08E9272}.Release|x64.ActiveCfg = Release|Any CPU
		{8434BA2D-B0E4-44C7-929D-F619C08E9272}.Release|x64.Build.0 = Release|Any CPU
		{8434BA2D-B0E4-44C7-929D-F619C08E9272}.Release|x86.ActiveCfg = Release|Any CPU
		{8434BA2D-B0E4-44C7-929D-F619C08E9272}.Release|x86.Build.0 = Release|Any CPU
		{D8D032C4-D029-4CBF-B9CD-18A1A200DEF5}.ClientDebug|Any CPU.ActiveCfg = ClientDebug|Any CPU
		{D8D032C4-D029-4CBF-B9CD-18A1A200DEF5}.ClientDebug|Any CPU.Build.0 = ClientDebug|Any CPU
		{D8D032C4-D029-4CBF-B9CD-18A1A200DEF5}.ClientDebug|x64.ActiveCfg = ClientDebug|Any CPU
		{D8D032C4-D029-4CBF-B9CD-18A1A200DEF5}.ClientDebug|x86.ActiveCfg = ClientDebug|Any CPU
		{D8D032C4-D029-4CBF-B9CD-18A1A200DEF5}.ClientDebug|x86.Build.0 = ClientDebug|Any CPU
		{D8D032C4-D029-4CBF-B9CD-18A1A200DEF5}.ClientRelease|Any CPU.ActiveCfg = ClientRelease|Any CPU
		{D8D032C4-D029-4CBF-B9CD-18A1A200DEF5}.ClientRelease|Any CPU.Build.0 = ClientRelease|Any CPU
		{D8D032C4-D029-4CBF-B9CD-18A1A200DEF5}.ClientRelease|x64.ActiveCfg = ClientRelease|Any CPU
		{D8D032C4-D029-4CBF-B9CD-18A1A200DEF5}.ClientRelease|x86.ActiveCfg = ClientRelease|Any CPU
		{D8D032C4-D029-4CBF-B9CD-18A1A200DEF5}.ClientRelease|x86.Build.0 = ClientRelease|Any CPU
		{D8D032C4-D029-4CBF-B9CD-18A1A200DEF5}.Debug|Any CPU.ActiveCfg = Debug|Any CPU
		{D8D032C4-D029-4CBF-B9CD-18A1A200DEF5}.Debug|Any CPU.Build.0 = Debug|Any CPU
		{D8D032C4-D029-4CBF-B9CD-18A1A200DEF5}.Debug|x64.ActiveCfg = Debug|Any CPU
		{D8D032C4-D029-4CBF-B9CD-18A1A200DEF5}.Debug|x64.Build.0 = Debug|Any CPU
		{D8D032C4-D029-4CBF-B9CD-18A1A200DEF5}.Debug|x86.ActiveCfg = Debug|Any CPU
		{D8D032C4-D029-4CBF-B9CD-18A1A200DEF5}.Debug|x86.Build.0 = Debug|Any CPU
		{D8D032C4-D029-4CBF-B9CD-18A1A200DEF5}.DEBUGFORM|Any CPU.ActiveCfg = DEBUGFORM|Any CPU
		{D8D032C4-D029-4CBF-B9CD-18A1A200DEF5}.DEBUGFORM|Any CPU.Build.0 = DEBUGFORM|Any CPU
		{D8D032C4-D029-4CBF-B9CD-18A1A200DEF5}.DEBUGFORM|x64.ActiveCfg = DEBUGFORM|Any CPU
		{D8D032C4-D029-4CBF-B9CD-18A1A200DEF5}.DEBUGFORM|x64.Build.0 = DEBUGFORM|Any CPU
		{D8D032C4-D029-4CBF-B9CD-18A1A200DEF5}.DEBUGFORM|x86.ActiveCfg = DEBUGFORM|Any CPU
		{D8D032C4-D029-4CBF-B9CD-18A1A200DEF5}.DEBUGFORM|x86.Build.0 = DEBUGFORM|Any CPU
		{D8D032C4-D029-4CBF-B9CD-18A1A200DEF5}.DebugServer|Any CPU.ActiveCfg = DebugServer|Any CPU
		{D8D032C4-D029-4CBF-B9CD-18A1A200DEF5}.DebugServer|Any CPU.Build.0 = DebugServer|Any CPU
		{D8D032C4-D029-4CBF-B9CD-18A1A200DEF5}.DebugServer|x64.ActiveCfg = DebugServer|Any CPU
		{D8D032C4-D029-4CBF-B9CD-18A1A200DEF5}.DebugServer|x64.Build.0 = DebugServer|Any CPU
		{D8D032C4-D029-4CBF-B9CD-18A1A200DEF5}.DebugServer|x86.ActiveCfg = DebugServer|Any CPU
		{D8D032C4-D029-4CBF-B9CD-18A1A200DEF5}.DebugServer|x86.Build.0 = DebugServer|Any CPU
		{D8D032C4-D029-4CBF-B9CD-18A1A200DEF5}.Release|Any CPU.ActiveCfg = Release|Any CPU
		{D8D032C4-D029-4CBF-B9CD-18A1A200DEF5}.Release|Any CPU.Build.0 = Release|Any CPU
		{D8D032C4-D029-4CBF-B9CD-18A1A200DEF5}.Release|x64.ActiveCfg = Release|Any CPU
		{D8D032C4-D029-4CBF-B9CD-18A1A200DEF5}.Release|x64.Build.0 = Release|Any CPU
		{D8D032C4-D029-4CBF-B9CD-18A1A200DEF5}.Release|x86.ActiveCfg = Release|Any CPU
		{D8D032C4-D029-4CBF-B9CD-18A1A200DEF5}.Release|x86.Build.0 = Release|Any CPU
		{E3145EA6-73A7-43B9-8915-FB9119E190D0}.ClientDebug|Any CPU.ActiveCfg = ClientDebug|Any CPU
		{E3145EA6-73A7-43B9-8915-FB9119E190D0}.ClientDebug|Any CPU.Build.0 = ClientDebug|Any CPU
		{E3145EA6-73A7-43B9-8915-FB9119E190D0}.ClientDebug|x64.ActiveCfg = ClientDebug|Any CPU
		{E3145EA6-73A7-43B9-8915-FB9119E190D0}.ClientDebug|x86.ActiveCfg = ClientDebug|Any CPU
		{E3145EA6-73A7-43B9-8915-FB9119E190D0}.ClientDebug|x86.Build.0 = ClientDebug|Any CPU
		{E3145EA6-73A7-43B9-8915-FB9119E190D0}.ClientRelease|Any CPU.ActiveCfg = ClientRelease|Any CPU
		{E3145EA6-73A7-43B9-8915-FB9119E190D0}.ClientRelease|Any CPU.Build.0 = ClientRelease|Any CPU
		{E3145EA6-73A7-43B9-8915-FB9119E190D0}.ClientRelease|x64.ActiveCfg = ClientRelease|Any CPU
		{E3145EA6-73A7-43B9-8915-FB9119E190D0}.ClientRelease|x86.ActiveCfg = ClientRelease|Any CPU
		{E3145EA6-73A7-43B9-8915-FB9119E190D0}.ClientRelease|x86.Build.0 = ClientRelease|Any CPU
		{E3145EA6-73A7-43B9-8915-FB9119E190D0}.Debug|Any CPU.ActiveCfg = Debug|Any CPU
		{E3145EA6-73A7-43B9-8915-FB9119E190D0}.Debug|Any CPU.Build.0 = Debug|Any CPU
		{E3145EA6-73A7-43B9-8915-FB9119E190D0}.Debug|x64.ActiveCfg = Debug|Any CPU
		{E3145EA6-73A7-43B9-8915-FB9119E190D0}.Debug|x64.Build.0 = Debug|Any CPU
		{E3145EA6-73A7-43B9-8915-FB9119E190D0}.Debug|x86.ActiveCfg = Debug|Any CPU
		{E3145EA6-73A7-43B9-8915-FB9119E190D0}.Debug|x86.Build.0 = Debug|Any CPU
		{E3145EA6-73A7-43B9-8915-FB9119E190D0}.DEBUGFORM|Any CPU.ActiveCfg = Debug|Any CPU
		{E3145EA6-73A7-43B9-8915-FB9119E190D0}.DEBUGFORM|Any CPU.Build.0 = Debug|Any CPU
		{E3145EA6-73A7-43B9-8915-FB9119E190D0}.DEBUGFORM|x64.ActiveCfg = Debug|Any CPU
		{E3145EA6-73A7-43B9-8915-FB9119E190D0}.DEBUGFORM|x64.Build.0 = Debug|Any CPU
		{E3145EA6-73A7-43B9-8915-FB9119E190D0}.DEBUGFORM|x86.ActiveCfg = DebugServer|Any CPU
		{E3145EA6-73A7-43B9-8915-FB9119E190D0}.DEBUGFORM|x86.Build.0 = DebugServer|Any CPU
		{E3145EA6-73A7-43B9-8915-FB9119E190D0}.DebugServer|Any CPU.ActiveCfg = DebugServer|Any CPU
		{E3145EA6-73A7-43B9-8915-FB9119E190D0}.DebugServer|Any CPU.Build.0 = DebugServer|Any CPU
		{E3145EA6-73A7-43B9-8915-FB9119E190D0}.DebugServer|x64.ActiveCfg = DebugServer|Any CPU
		{E3145EA6-73A7-43B9-8915-FB9119E190D0}.DebugServer|x64.Build.0 = DebugServer|Any CPU
		{E3145EA6-73A7-43B9-8915-FB9119E190D0}.DebugServer|x86.ActiveCfg = DebugServer|Any CPU
		{E3145EA6-73A7-43B9-8915-FB9119E190D0}.DebugServer|x86.Build.0 = DebugServer|Any CPU
		{E3145EA6-73A7-43B9-8915-FB9119E190D0}.Release|Any CPU.ActiveCfg = Release|Any CPU
		{E3145EA6-73A7-43B9-8915-FB9119E190D0}.Release|Any CPU.Build.0 = Release|Any CPU
		{E3145EA6-73A7-43B9-8915-FB9119E190D0}.Release|x64.ActiveCfg = Release|Any CPU
		{E3145EA6-73A7-43B9-8915-FB9119E190D0}.Release|x64.Build.0 = Release|Any CPU
		{E3145EA6-73A7-43B9-8915-FB9119E190D0}.Release|x86.ActiveCfg = Release|Any CPU
		{E3145EA6-73A7-43B9-8915-FB9119E190D0}.Release|x86.Build.0 = Release|Any CPU
	EndGlobalSection
	GlobalSection(SolutionProperties) = preSolution
		HideSolutionNode = FALSE
	EndGlobalSection
	GlobalSection(ExtensibilityGlobals) = postSolution
		SolutionGuid = {1252AC86-B004-45AA-8001-18221152CF44}
	EndGlobalSection
EndGlobal
